
Microsoft Visual Studio Solution File, Format Version 12.00
# Visual Studio Version 17
VisualStudioVersion = 17.12.35527.113 d17.12
MinimumVisualStudioVersion = 10.0.40219.1
Project("{FAE04EC0-301F-11D3-BF4B-00C04F79EFBC}") = "Templete C#4", "Templete C#4\Templete C#4.csproj", "{ED3FDE7F-D09C-48F8-B5B2-850B3E994588}"
EndProject
Global
	GlobalSection(SolutionConfigurationPlatforms) = preSolution
		Debug|Any CPU = Debug|Any CPU
		Release|Any CPU = Release|Any CPU
	EndGlobalSection
	GlobalSection(ProjectConfigurationPlatforms) = postSolution
		{ED3FDE7F-D09C-48F8-B5B2-850B3E994588}.Debug|Any CPU.ActiveCfg = Debug|Any CPU
		{ED3FDE7F-D09C-48F8-B5B2-850B3E994588}.Debug|Any CPU.Build.0 = Debug|Any CPU
		{ED3FDE7F-D09C-48F8-B5B2-850B3E994588}.Release|Any CPU.ActiveCfg = Release|Any CPU
		{ED3FDE7F-D09C-48F8-B5B2-850B3E994588}.Release|Any CPU.Build.0 = Release|Any CPU
	EndGlobalSection
	GlobalSection(SolutionProperties) = preSolution
		HideSolutionNode = FALSE
	EndGlobalSection
EndGlobal
